// !$*UTF8*$!
{
	archiveVersion = 1;
	classes = {
	};
	objectVersion = 46;
	objects = {

/* Begin PBXBuildFile section */
		3F90426A19702C38007BBFAF /* Foundation.framework in Frameworks */ = {isa = PBXBuildFile; fileRef = 3F90426919702C38007BBFAF /* Foundation.framework */; };
		3F90426C19702C38007BBFAF /* CoreGraphics.framework in Frameworks */ = {isa = PBXBuildFile; fileRef = 3F90426B19702C38007BBFAF /* CoreGraphics.framework */; };
		3F90426E19702C38007BBFAF /* UIKit.framework in Frameworks */ = {isa = PBXBuildFile; fileRef = 3F90426D19702C38007BBFAF /* UIKit.framework */; };
		3F90427419702C39007BBFAF /* InfoPlist.strings in Resources */ = {isa = PBXBuildFile; fileRef = 3F90427219702C39007BBFAF /* InfoPlist.strings */; };
		3F90427619702C39007BBFAF /* main.m in Sources */ = {isa = PBXBuildFile; fileRef = 3F90427519702C39007BBFAF /* main.m */; };
		3F90427A19702C39007BBFAF /* AppDelegate.m in Sources */ = {isa = PBXBuildFile; fileRef = 3F90427919702C39007BBFAF /* AppDelegate.m */; };
		3F90427C19702C39007BBFAF /* Images.xcassets in Resources */ = {isa = PBXBuildFile; fileRef = 3F90427B19702C39007BBFAF /* Images.xcassets */; };
		3F90428319702C39007BBFAF /* XCTest.framework in Frameworks */ = {isa = PBXBuildFile; fileRef = 3F90428219702C39007BBFAF /* XCTest.framework */; };
		3F90428419702C39007BBFAF /* Foundation.framework in Frameworks */ = {isa = PBXBuildFile; fileRef = 3F90426919702C38007BBFAF /* Foundation.framework */; };
		3F90428519702C39007BBFAF /* UIKit.framework in Frameworks */ = {isa = PBXBuildFile; fileRef = 3F90426D19702C38007BBFAF /* UIKit.framework */; };
		3F90428D19702C39007BBFAF /* InfoPlist.strings in Resources */ = {isa = PBXBuildFile; fileRef = 3F90428B19702C39007BBFAF /* InfoPlist.strings */; };
		3F90428F19702C39007BBFAF /* ExampleTests.m in Sources */ = {isa = PBXBuildFile; fileRef = 3F90428E19702C39007BBFAF /* ExampleTests.m */; };
		819E3A280F3849BFA8A3CB5D /* libPods-Example.a in Frameworks */ = {isa = PBXBuildFile; fileRef = FF6DB6A192FF4915BB3B5B0A /* libPods-Example.a */; };
/* End PBXBuildFile section */

/* Begin PBXContainerItemProxy section */
		3F90428619702C39007BBFAF /* PBXContainerItemProxy */ = {
			isa = PBXContainerItemProxy;
			containerPortal = 3F90425E19702C38007BBFAF /* Project object */;
			proxyType = 1;
			remoteGlobalIDString = 3F90426519702C38007BBFAF;
			remoteInfo = Example;
		};
/* End PBXContainerItemProxy section */

/* Begin PBXFileReference section */
		3F90426619702C38007BBFAF /* Example.app */ = {isa = PBXFileReference; explicitFileType = wrapper.application; includeInIndex = 0; path = Example.app; sourceTree = BUILT_PRODUCTS_DIR; };
		3F90426919702C38007BBFAF /* Foundation.framework */ = {isa = PBXFileReference; lastKnownFileType = wrapper.framework; name = Foundation.framework; path = System/Library/Frameworks/Foundation.framework; sourceTree = SDKROOT; };
		3F90426B19702C38007BBFAF /* CoreGraphics.framework */ = {isa = PBXFileReference; lastKnownFileType = wrapper.framework; name = CoreGraphics.framework; path = System/Library/Frameworks/CoreGraphics.framework; sourceTree = SDKROOT; };
		3F90426D19702C38007BBFAF /* UIKit.framework */ = {isa = PBXFileReference; lastKnownFileType = wrapper.framework; name = UIKit.framework; path = System/Library/Frameworks/UIKit.framework; sourceTree = SDKROOT; };
		3F90427119702C39007BBFAF /* Example-Info.plist */ = {isa = PBXFileReference; lastKnownFileType = text.plist.xml; path = "Example-Info.plist"; sourceTree = "<group>"; };
		3F90427319702C39007BBFAF /* en */ = {isa = PBXFileReference; lastKnownFileType = text.plist.strings; name = en; path = en.lproj/InfoPlist.strings; sourceTree = "<group>"; };
		3F90427519702C39007BBFAF /* main.m */ = {isa = PBXFileReference; lastKnownFileType = sourcecode.c.objc; path = main.m; sourceTree = "<group>"; };
		3F90427719702C39007BBFAF /* Example-Prefix.pch */ = {isa = PBXFileReference; lastKnownFileType = sourcecode.c.h; path = "Example-Prefix.pch"; sourceTree = "<group>"; };
		3F90427819702C39007BBFAF /* AppDelegate.h */ = {isa = PBXFileReference; lastKnownFileType = sourcecode.c.h; path = AppDelegate.h; sourceTree = "<group>"; };
		3F90427919702C39007BBFAF /* AppDelegate.m */ = {isa = PBXFileReference; lastKnownFileType = sourcecode.c.objc; path = AppDelegate.m; sourceTree = "<group>"; };
		3F90427B19702C39007BBFAF /* Images.xcassets */ = {isa = PBXFileReference; lastKnownFileType = folder.assetcatalog; path = Images.xcassets; sourceTree = "<group>"; };
		3F90428119702C39007BBFAF /* ExampleTests.xctest */ = {isa = PBXFileReference; explicitFileType = wrapper.cfbundle; includeInIndex = 0; path = ExampleTests.xctest; sourceTree = BUILT_PRODUCTS_DIR; };
		3F90428219702C39007BBFAF /* XCTest.framework */ = {isa = PBXFileReference; lastKnownFileType = wrapper.framework; name = XCTest.framework; path = Library/Frameworks/XCTest.framework; sourceTree = DEVELOPER_DIR; };
		3F90428A19702C39007BBFAF /* ExampleTests-Info.plist */ = {isa = PBXFileReference; lastKnownFileType = text.plist.xml; path = "ExampleTests-Info.plist"; sourceTree = "<group>"; };
		3F90428C19702C39007BBFAF /* en */ = {isa = PBXFileReference; lastKnownFileType = text.plist.strings; name = en; path = en.lproj/InfoPlist.strings; sourceTree = "<group>"; };
		3F90428E19702C39007BBFAF /* ExampleTests.m */ = {isa = PBXFileReference; lastKnownFileType = sourcecode.c.objc; path = ExampleTests.m; sourceTree = "<group>"; };
		8361007814D84A0CBCA98049 /* Pods-Example.xcconfig */ = {isa = PBXFileReference; includeInIndex = 1; lastKnownFileType = text.xcconfig; name = "Pods-Example.xcconfig"; path = "../Pods/Pods-Example.xcconfig"; sourceTree = "<group>"; };
		FF6DB6A192FF4915BB3B5B0A /* libPods-Example.a */ = {isa = PBXFileReference; explicitFileType = archive.ar; includeInIndex = 0; path = "libPods-Example.a"; sourceTree = BUILT_PRODUCTS_DIR; };
/* End PBXFileReference section */

/* Begin PBXFrameworksBuildPhase section */
		3F90426319702C38007BBFAF /* Frameworks */ = {
			isa = PBXFrameworksBuildPhase;
			buildActionMask = 2147483647;
			files = (
				3F90426C19702C38007BBFAF /* CoreGraphics.framework in Frameworks */,
				3F90426E19702C38007BBFAF /* UIKit.framework in Frameworks */,
				3F90426A19702C38007BBFAF /* Foundation.framework in Frameworks */,
				819E3A280F3849BFA8A3CB5D /* libPods-Example.a in Frameworks */,
			);
			runOnlyForDeploymentPostprocessing = 0;
		};
		3F90427E19702C39007BBFAF /* Frameworks */ = {
			isa = PBXFrameworksBuildPhase;
			buildActionMask = 2147483647;
			files = (
				3F90428319702C39007BBFAF /* XCTest.framework in Frameworks */,
				3F90428519702C39007BBFAF /* UIKit.framework in Frameworks */,
				3F90428419702C39007BBFAF /* Foundation.framework in Frameworks */,
			);
			runOnlyForDeploymentPostprocessing = 0;
		};
/* End PBXFrameworksBuildPhase section */

/* Begin PBXGroup section */
		3F90425D19702C38007BBFAF = {
			isa = PBXGroup;
			children = (
				3F90426F19702C38007BBFAF /* Example */,
				3F90428819702C39007BBFAF /* ExampleTests */,
				3F90426819702C38007BBFAF /* Frameworks */,
				3F90426719702C38007BBFAF /* Products */,
				8361007814D84A0CBCA98049 /* Pods-Example.xcconfig */,
			);
			indentWidth = 4;
			sourceTree = "<group>";
			tabWidth = 4;
			usesTabs = 0;
		};
		3F90426719702C38007BBFAF /* Products */ = {
			isa = PBXGroup;
			children = (
				3F90426619702C38007BBFAF /* Example.app */,
				3F90428119702C39007BBFAF /* ExampleTests.xctest */,
			);
			name = Products;
			sourceTree = "<group>";
		};
		3F90426819702C38007BBFAF /* Frameworks */ = {
			isa = PBXGroup;
			children = (
				3F90426919702C38007BBFAF /* Foundation.framework */,
				3F90426B19702C38007BBFAF /* CoreGraphics.framework */,
				3F90426D19702C38007BBFAF /* UIKit.framework */,
				3F90428219702C39007BBFAF /* XCTest.framework */,
				FF6DB6A192FF4915BB3B5B0A /* libPods-Example.a */,
			);
			name = Frameworks;
			sourceTree = "<group>";
		};
		3F90426F19702C38007BBFAF /* Example */ = {
			isa = PBXGroup;
			children = (
				3F90427819702C39007BBFAF /* AppDelegate.h */,
				3F90427919702C39007BBFAF /* AppDelegate.m */,
				3F90427B19702C39007BBFAF /* Images.xcassets */,
				3F90427019702C39007BBFAF /* Supporting Files */,
			);
			path = Example;
			sourceTree = "<group>";
		};
		3F90427019702C39007BBFAF /* Supporting Files */ = {
			isa = PBXGroup;
			children = (
				3F90427119702C39007BBFAF /* Example-Info.plist */,
				3F90427219702C39007BBFAF /* InfoPlist.strings */,
				3F90427519702C39007BBFAF /* main.m */,
				3F90427719702C39007BBFAF /* Example-Prefix.pch */,
			);
			name = "Supporting Files";
			sourceTree = "<group>";
		};
		3F90428819702C39007BBFAF /* ExampleTests */ = {
			isa = PBXGroup;
			children = (
				3F90428E19702C39007BBFAF /* ExampleTests.m */,
				3F90428919702C39007BBFAF /* Supporting Files */,
			);
			path = ExampleTests;
			sourceTree = "<group>";
		};
		3F90428919702C39007BBFAF /* Supporting Files */ = {
			isa = PBXGroup;
			children = (
				3F90428A19702C39007BBFAF /* ExampleTests-Info.plist */,
				3F90428B19702C39007BBFAF /* InfoPlist.strings */,
			);
			name = "Supporting Files";
			sourceTree = "<group>";
		};
/* End PBXGroup section */

/* Begin PBXNativeTarget section */
		3F90426519702C38007BBFAF /* Example */ = {
			isa = PBXNativeTarget;
			buildConfigurationList = 3F90429219702C39007BBFAF /* Build configuration list for PBXNativeTarget "Example" */;
			buildPhases = (
				A3D3DAC3DD764BF09B29DB1C /* Check Pods Manifest.lock */,
				3F90426219702C38007BBFAF /* Sources */,
				3F90426319702C38007BBFAF /* Frameworks */,
				3F90426419702C38007BBFAF /* Resources */,
				24DABAB242724122A5B7B69E /* Warn for TODO and FIXME comments */,
				62BB337C92A541B99030EC54 /* Copy Pods Resources */,
			);
			buildRules = (
			);
			dependencies = (
			);
			name = Example;
			productName = Example;
			productReference = 3F90426619702C38007BBFAF /* Example.app */;
			productType = "com.apple.product-type.application";
		};
		3F90428019702C39007BBFAF /* ExampleTests */ = {
			isa = PBXNativeTarget;
			buildConfigurationList = 3F90429519702C39007BBFAF /* Build configuration list for PBXNativeTarget "ExampleTests" */;
			buildPhases = (
				3F90427D19702C39007BBFAF /* Sources */,
				3F90427E19702C39007BBFAF /* Frameworks */,
				3F90427F19702C39007BBFAF /* Resources */,
			);
			buildRules = (
			);
			dependencies = (
				3F90428719702C39007BBFAF /* PBXTargetDependency */,
			);
			name = ExampleTests;
			productName = ExampleTests;
			productReference = 3F90428119702C39007BBFAF /* ExampleTests.xctest */;
			productType = "com.apple.product-type.bundle.unit-test";
		};
/* End PBXNativeTarget section */

/* Begin PBXProject section */
		3F90425E19702C38007BBFAF /* Project object */ = {
			isa = PBXProject;
			attributes = {
				LastUpgradeCheck = 0510;
				ORGANIZATIONNAME = mokagio;
				TargetAttributes = {
					3F90428019702C39007BBFAF = {
						TestTargetID = 3F90426519702C38007BBFAF;
					};
				};
			};
			buildConfigurationList = 3F90426119702C38007BBFAF /* Build configuration list for PBXProject "Example" */;
			compatibilityVersion = "Xcode 3.2";
			developmentRegion = English;
			hasScannedForEncodings = 0;
			knownRegions = (
				en,
			);
			mainGroup = 3F90425D19702C38007BBFAF;
			productRefGroup = 3F90426719702C38007BBFAF /* Products */;
			projectDirPath = "";
			projectRoot = "";
			targets = (
				3F90426519702C38007BBFAF /* Example */,
				3F90428019702C39007BBFAF /* ExampleTests */,
			);
		};
/* End PBXProject section */

/* Begin PBXResourcesBuildPhase section */
		3F90426419702C38007BBFAF /* Resources */ = {
			isa = PBXResourcesBuildPhase;
			buildActionMask = 2147483647;
			files = (
				3F90427419702C39007BBFAF /* InfoPlist.strings in Resources */,
				3F90427C19702C39007BBFAF /* Images.xcassets in Resources */,
			);
			runOnlyForDeploymentPostprocessing = 0;
		};
		3F90427F19702C39007BBFAF /* Resources */ = {
			isa = PBXResourcesBuildPhase;
			buildActionMask = 2147483647;
			files = (
				3F90428D19702C39007BBFAF /* InfoPlist.strings in Resources */,
			);
			runOnlyForDeploymentPostprocessing = 0;
		};
/* End PBXResourcesBuildPhase section */

/* Begin PBXShellScriptBuildPhase section */
		24DABAB242724122A5B7B69E /* Warn for TODO and FIXME comments */ = {
			isa = PBXShellScriptBuildPhase;
			buildActionMask = 2147483647;
			files = (
			);
			inputPaths = (
			);
			name = "Warn for TODO and FIXME comments";
			outputPaths = (
			);
			runOnlyForDeploymentPostprocessing = 0;
			shellPath = /bin/sh;
			shellScript = "KEYWORDS=\"TODO:|FIXME:|\\?\\?\\?:|\\!\\!\\!:\"\nFILE_EXTENSIONS=\"h|m|mm|c|cpp\"\nfind -E \"${SRCROOT}\" -ipath \"${SRCROOT}/pods\" -prune -o \\( -regex \".*\\.($FILE_EXTENSIONS)$\" \\) -print0 | xargs -0 egrep --with-filename --line-number --only-matching \"($KEYWORDS).*\\$\" | perl -p -e \"s/($KEYWORDS)/ warning: \\$1/\"\n";
		};
		62BB337C92A541B99030EC54 /* Copy Pods Resources */ = {
			isa = PBXShellScriptBuildPhase;
			buildActionMask = 2147483647;
			files = (
			);
			inputPaths = (
			);
			name = "Copy Pods Resources";
			outputPaths = (
			);
			runOnlyForDeploymentPostprocessing = 0;
			shellPath = /bin/sh;
			shellScript = "\"${SRCROOT}/../Pods/Pods-Example-resources.sh\"\n";
			showEnvVarsInLog = 0;
		};
		A3D3DAC3DD764BF09B29DB1C /* Check Pods Manifest.lock */ = {
			isa = PBXShellScriptBuildPhase;
			buildActionMask = 2147483647;
			files = (
			);
			inputPaths = (
			);
			name = "Check Pods Manifest.lock";
			outputPaths = (
			);
			runOnlyForDeploymentPostprocessing = 0;
			shellPath = /bin/sh;
			shellScript = "diff \"${PODS_ROOT}/../Podfile.lock\" \"${PODS_ROOT}/Manifest.lock\" > /dev/null\nif [[ $? != 0 ]] ; then\n    cat << EOM\nerror: The sandbox is not in sync with the Podfile.lock. Run 'pod install' or update your CocoaPods installation.\nEOM\n    exit 1\nfi\n";
			showEnvVarsInLog = 0;
		};
/* End PBXShellScriptBuildPhase section */

/* Begin PBXSourcesBuildPhase section */
		3F90426219702C38007BBFAF /* Sources */ = {
			isa = PBXSourcesBuildPhase;
			buildActionMask = 2147483647;
			files = (
				3F90427A19702C39007BBFAF /* AppDelegate.m in Sources */,
				3F90427619702C39007BBFAF /* main.m in Sources */,
			);
			runOnlyForDeploymentPostprocessing = 0;
		};
		3F90427D19702C39007BBFAF /* Sources */ = {
			isa = PBXSourcesBuildPhase;
			buildActionMask = 2147483647;
			files = (
				3F90428F19702C39007BBFAF /* ExampleTests.m in Sources */,
			);
			runOnlyForDeploymentPostprocessing = 0;
		};
/* End PBXSourcesBuildPhase section */

/* Begin PBXTargetDependency section */
		3F90428719702C39007BBFAF /* PBXTargetDependency */ = {
			isa = PBXTargetDependency;
			target = 3F90426519702C38007BBFAF /* Example */;
			targetProxy = 3F90428619702C39007BBFAF /* PBXContainerItemProxy */;
		};
/* End PBXTargetDependency section */

/* Begin PBXVariantGroup section */
		3F90427219702C39007BBFAF /* InfoPlist.strings */ = {
			isa = PBXVariantGroup;
			children = (
				3F90427319702C39007BBFAF /* en */,
			);
			name = InfoPlist.strings;
			sourceTree = "<group>";
		};
		3F90428B19702C39007BBFAF /* InfoPlist.strings */ = {
			isa = PBXVariantGroup;
			children = (
				3F90428C19702C39007BBFAF /* en */,
			);
			name = InfoPlist.strings;
			sourceTree = "<group>";
		};
/* End PBXVariantGroup section */

/* Begin XCBuildConfiguration section */
		3F90429019702C39007BBFAF /* Debug */ = {
			isa = XCBuildConfiguration;
			buildSettings = {
				ALWAYS_SEARCH_USER_PATHS = NO;
				CLANG_CXX_LANGUAGE_STANDARD = "gnu++0x";
				CLANG_CXX_LIBRARY = "libc++";
				CLANG_ENABLE_MODULES = YES;
				CLANG_ENABLE_OBJC_ARC = YES;
				CLANG_WARN_BOOL_CONVERSION = YES;
				CLANG_WARN_CONSTANT_CONVERSION = YES;
				CLANG_WARN_DEPRECATED_OBJC_IMPLEMENTATIONS = YES;
				CLANG_WARN_DIRECT_OBJC_ISA_USAGE = YES_ERROR;
				CLANG_WARN_EMPTY_BODY = YES;
				CLANG_WARN_ENUM_CONVERSION = YES;
				CLANG_WARN_INT_CONVERSION = YES;
				CLANG_WARN_OBJC_IMPLICIT_RETAIN_SELF = YES;
				CLANG_WARN_OBJC_ROOT_CLASS = YES_ERROR;
				CLANG_WARN__DUPLICATE_METHOD_MATCH = YES;
				"CODE_SIGN_IDENTITY[sdk=iphoneos*]" = "iPhone Developer";
				COPY_PHASE_STRIP = NO;
				GCC_C_LANGUAGE_STANDARD = gnu99;
				GCC_DYNAMIC_NO_PIC = NO;
				GCC_OPTIMIZATION_LEVEL = 0;
				GCC_PREPROCESSOR_DEFINITIONS = (
					"DEBUG=1",
					"$(inherited)",
				);
				GCC_SYMBOLS_PRIVATE_EXTERN = NO;
				GCC_WARN_64_TO_32_BIT_CONVERSION = YES;
				GCC_WARN_ABOUT_MISSING_FIELD_INITIALIZERS = YES;
				GCC_WARN_ABOUT_MISSING_NEWLINE = YES;
				GCC_WARN_ABOUT_RETURN_TYPE = YES;
				GCC_WARN_CHECK_SWITCH_STATEMENTS = YES;
				GCC_WARN_INITIALIZER_NOT_FULLY_BRACKETED = YES;
				GCC_WARN_MISSING_PARENTHESES = YES;
				GCC_WARN_SHADOW = YES;
				GCC_WARN_SIGN_COMPARE = YES;
				GCC_WARN_TYPECHECK_CALLS_TO_PRINTF = YES;
				GCC_WARN_UNDECLARED_SELECTOR = YES;
				GCC_WARN_UNINITIALIZED_AUTOS = YES_AGGRESSIVE;
				GCC_WARN_UNUSED_FUNCTION = YES;
				GCC_WARN_UNUSED_LABEL = YES;
				GCC_WARN_UNUSED_VALUE = YES;
				GCC_WARN_UNUSED_VARIABLE = YES;
				IPHONEOS_DEPLOYMENT_TARGET = 7.1;
				ONLY_ACTIVE_ARCH = YES;
				RUN_CLANG_STATIC_ANALYZER = YES;
				SDKROOT = iphoneos;
				TARGETED_DEVICE_FAMILY = "1,2";
			};
			name = Debug;
		};
		3F90429119702C39007BBFAF /* Release */ = {
			isa = XCBuildConfiguration;
			buildSettings = {
				ALWAYS_SEARCH_USER_PATHS = NO;
				CLANG_CXX_LANGUAGE_STANDARD = "gnu++0x";
				CLANG_CXX_LIBRARY = "libc++";
				CLANG_ENABLE_MODULES = YES;
				CLANG_ENABLE_OBJC_ARC = YES;
				CLANG_WARN_BOOL_CONVERSION = YES;
				CLANG_WARN_CONSTANT_CONVERSION = YES;
				CLANG_WARN_DEPRECATED_OBJC_IMPLEMENTATIONS = YES;
				CLANG_WARN_DIRECT_OBJC_ISA_USAGE = YES_ERROR;
				CLANG_WARN_EMPTY_BODY = YES;
				CLANG_WARN_ENUM_CONVERSION = YES;
				CLANG_WARN_INT_CONVERSION = YES;
				CLANG_WARN_OBJC_IMPLICIT_RETAIN_SELF = YES;
				CLANG_WARN_OBJC_ROOT_CLASS = YES_ERROR;
				CLANG_WARN__DUPLICATE_METHOD_MATCH = YES;
				"CODE_SIGN_IDENTITY[sdk=iphoneos*]" = "iPhone Developer";
				COPY_PHASE_STRIP = YES;
				ENABLE_NS_ASSERTIONS = NO;
				GCC_C_LANGUAGE_STANDARD = gnu99;
				GCC_WARN_64_TO_32_BIT_CONVERSION = YES;
				GCC_WARN_ABOUT_MISSING_FIELD_INITIALIZERS = YES;
				GCC_WARN_ABOUT_MISSING_NEWLINE = YES;
				GCC_WARN_ABOUT_RETURN_TYPE = YES;
				GCC_WARN_CHECK_SWITCH_STATEMENTS = YES;
				GCC_WARN_INITIALIZER_NOT_FULLY_BRACKETED = YES;
				GCC_WARN_MISSING_PARENTHESES = YES;
				GCC_WARN_SHADOW = YES;
				GCC_WARN_SIGN_COMPARE = YES;
				GCC_WARN_TYPECHECK_CALLS_TO_PRINTF = YES;
				GCC_WARN_UNDECLARED_SELECTOR = YES;
				GCC_WARN_UNINITIALIZED_AUTOS = YES_AGGRESSIVE;
				GCC_WARN_UNUSED_FUNCTION = YES;
				GCC_WARN_UNUSED_LABEL = YES;
				GCC_WARN_UNUSED_VALUE = YES;
				GCC_WARN_UNUSED_VARIABLE = YES;
				IPHONEOS_DEPLOYMENT_TARGET = 7.1;
				RUN_CLANG_STATIC_ANALYZER = YES;
				SDKROOT = iphoneos;
				TARGETED_DEVICE_FAMILY = "1,2";
				VALIDATE_PRODUCT = YES;
			};
			name = Release;
		};
		3F90429319702C39007BBFAF /* Debug */ = {
			isa = XCBuildConfiguration;
			baseConfigurationReference = 8361007814D84A0CBCA98049 /* Pods-Example.xcconfig */;
			buildSettings = {
				ASSETCATALOG_COMPILER_APPICON_NAME = AppIcon;
				ASSETCATALOG_COMPILER_LAUNCHIMAGE_NAME = LaunchImage;
				GCC_PRECOMPILE_PREFIX_HEADER = YES;
				GCC_PREFIX_HEADER = "Example/Example-Prefix.pch";
				INFOPLIST_FILE = "Example/Example-Info.plist";
				PRODUCT_NAME = "$(TARGET_NAME)";
				WRAPPER_EXTENSION = app;
			};
			name = Debug;
		};
		3F90429419702C39007BBFAF /* Release */ = {
			isa = XCBuildConfiguration;
			baseConfigurationReference = 8361007814D84A0CBCA98049 /* Pods-Example.xcconfig */;
			buildSettings = {
				ASSETCATALOG_COMPILER_APPICON_NAME = AppIcon;
				ASSETCATALOG_COMPILER_LAUNCHIMAGE_NAME = LaunchImage;
				GCC_PRECOMPILE_PREFIX_HEADER = YES;
				GCC_PREFIX_HEADER = "Example/Example-Prefix.pch";
				INFOPLIST_FILE = "Example/Example-Info.plist";
				PRODUCT_NAME = "$(TARGET_NAME)";
				WRAPPER_EXTENSION = app;
			};
			name = Release;
		};
		3F90429619702C39007BBFAF /* Debug */ = {
			isa = XCBuildConfiguration;
			buildSettings = {
				BUNDLE_LOADER = "$(BUILT_PRODUCTS_DIR)/Example.app/Example";
				FRAMEWORK_SEARCH_PATHS = (
					"$(SDKROOT)/Developer/Library/Frameworks",
					"$(inherited)",
					"$(DEVELOPER_FRAMEWORKS_DIR)",
				);
				GCC_PRECOMPILE_PREFIX_HEADER = YES;
				GCC_PREFIX_HEADER = "Example/Example-Prefix.pch";
				GCC_PREPROCESSOR_DEFINITIONS = (
					"DEBUG=1",
					"$(inherited)",
				);
				INFOPLIST_FILE = "ExampleTests/ExampleTests-Info.plist";
				PRODUCT_NAME = "$(TARGET_NAME)";
				TEST_HOST = "$(BUNDLE_LOADER)";
				WRAPPER_EXTENSION = xctest;
			};
			name = Debug;
		};
		3F90429719702C39007BBFAF /* Release */ = {
			isa = XCBuildConfiguration;
			buildSettings = {
				BUNDLE_LOADER = "$(BUILT_PRODUCTS_DIR)/Example.app/Example";
				FRAMEWORK_SEARCH_PATHS = (
					"$(SDKROOT)/Developer/Library/Frameworks",
					"$(inherited)",
					"$(DEVELOPER_FRAMEWORKS_DIR)",
				);
				GCC_PRECOMPILE_PREFIX_HEADER = YES;
				GCC_PREFIX_HEADER = "Example/Example-Prefix.pch";
				INFOPLIST_FILE = "ExampleTests/ExampleTests-Info.plist";
				PRODUCT_NAME = "$(TARGET_NAME)";
				TEST_HOST = "$(BUNDLE_LOADER)";
				WRAPPER_EXTENSION = xctest;
			};
			name = Release;
		};
/* End XCBuildConfiguration section */

/* Begin XCConfigurationList section */
		3F90426119702C38007BBFAF /* Build configuration list for PBXProject "Example" */ = {
			isa = XCConfigurationList;
			buildConfigurations = (
				3F90429019702C39007BBFAF /* Debug */,
				3F90429119702C39007BBFAF /* Release */,
			);
			defaultConfigurationIsVisible = 0;
			defaultConfigurationName = Release;
		};
		3F90429219702C39007BBFAF /* Build configuration list for PBXNativeTarget "Example" */ = {
			isa = XCConfigurationList;
			buildConfigurations = (
				3F90429319702C39007BBFAF /* Debug */,
				3F90429419702C39007BBFAF /* Release */,
			);
			defaultConfigurationIsVisible = 0;
			defaultConfigurationName = Release;
		};
		3F90429519702C39007BBFAF /* Build configuration list for PBXNativeTarget "ExampleTests" */ = {
			isa = XCConfigurationList;
			buildConfigurations = (
				3F90429619702C39007BBFAF /* Debug */,
				3F90429719702C39007BBFAF /* Release */,
			);
			defaultConfigurationIsVisible = 0;
			defaultConfigurationName = Release;
		};
/* End XCConfigurationList section */
	};
	rootObject = 3F90425E19702C38007BBFAF /* Project object */;
}
